// !$*UTF8*$!
{
	archiveVersion = 1;
	classes = {
	};
	objectVersion = 50;
	objects = {

/* Begin PBXBuildFile section */
		F415EF7024C9E14800D3347D /* AppDelegate.swift in Sources */ = {isa = PBXBuildFile; fileRef = F415EF6F24C9E14800D3347D /* AppDelegate.swift */; };
		F415EF7224C9E14800D3347D /* SceneDelegate.swift in Sources */ = {isa = PBXBuildFile; fileRef = F415EF7124C9E14800D3347D /* SceneDelegate.swift */; };
		F415EF7424C9E14800D3347D /* ViewController.swift in Sources */ = {isa = PBXBuildFile; fileRef = F415EF7324C9E14800D3347D /* ViewController.swift */; };
		F415EF7724C9E14800D3347D /* Main.storyboard in Resources */ = {isa = PBXBuildFile; fileRef = F415EF7524C9E14800D3347D /* Main.storyboard */; };
		F415EF7924C9E14A00D3347D /* Assets.xcassets in Resources */ = {isa = PBXBuildFile; fileRef = F415EF7824C9E14A00D3347D /* Assets.xcassets */; };
		F415EF7C24C9E14A00D3347D /* LaunchScreen.storyboard in Resources */ = {isa = PBXBuildFile; fileRef = F415EF7A24C9E14A00D3347D /* LaunchScreen.storyboard */; };
		F415EF8524C9E2AC00D3347D /* DongTableViewCell.swift in Sources */ = {isa = PBXBuildFile; fileRef = F415EF8324C9E2AC00D3347D /* DongTableViewCell.swift */; };
		F415EF8624C9E2AC00D3347D /* DongTableViewCell.xib in Resources */ = {isa = PBXBuildFile; fileRef = F415EF8424C9E2AC00D3347D /* DongTableViewCell.xib */; };
		F415EF8824C9E2D300D3347D /* Class.swift in Sources */ = {isa = PBXBuildFile; fileRef = F415EF8724C9E2D300D3347D /* Class.swift */; };
/* End PBXBuildFile section */

/* Begin PBXFileReference section */
		F415EF6C24C9E14800D3347D /* TableViewBaitap3.app */ = {isa = PBXFileReference; explicitFileType = wrapper.application; includeInIndex = 0; path = TableViewBaitap3.app; sourceTree = BUILT_PRODUCTS_DIR; };
		F415EF6F24C9E14800D3347D /* AppDelegate.swift */ = {isa = PBXFileReference; lastKnownFileType = sourcecode.swift; path = AppDelegate.swift; sourceTree = "<group>"; };
		F415EF7124C9E14800D3347D /* SceneDelegate.swift */ = {isa = PBXFileReference; lastKnownFileType = sourcecode.swift; path = SceneDelegate.swift; sourceTree = "<group>"; };
		F415EF7324C9E14800D3347D /* ViewController.swift */ = {isa = PBXFileReference; lastKnownFileType = sourcecode.swift; path = ViewController.swift; sourceTree = "<group>"; };
		F415EF7624C9E14800D3347D /* Base */ = {isa = PBXFileReference; lastKnownFileType = file.storyboard; name = Base; path = Base.lproj/Main.storyboard; sourceTree = "<group>"; };
		F415EF7824C9E14A00D3347D /* Assets.xcassets */ = {isa = PBXFileReference; lastKnownFileType = folder.assetcatalog; path = Assets.xcassets; sourceTree = "<group>"; };
		F415EF7B24C9E14A00D3347D /* Base */ = {isa = PBXFileReference; lastKnownFileType = file.storyboard; name = Base; path = Base.lproj/LaunchScreen.storyboard; sourceTree = "<group>"; };
		F415EF7D24C9E14A00D3347D /* Info.plist */ = {isa = PBXFileReference; lastKnownFileType = text.plist.xml; path = Info.plist; sourceTree = "<group>"; };
		F415EF8324C9E2AC00D3347D /* DongTableViewCell.swift */ = {isa = PBXFileReference; lastKnownFileType = sourcecode.swift; path = DongTableViewCell.swift; sourceTree = "<group>"; };
		F415EF8424C9E2AC00D3347D /* DongTableViewCell.xib */ = {isa = PBXFileReference; lastKnownFileType = file.xib; path = DongTableViewCell.xib; sourceTree = "<group>"; };
		F415EF8724C9E2D300D3347D /* Class.swift */ = {isa = PBXFileReference; lastKnownFileType = sourcecode.swift; path = Class.swift; sourceTree = "<group>"; };
		F4298FF3255AF68C00AFB520 /* README.md */ = {isa = PBXFileReference; lastKnownFileType = net.daringfireball.markdown; path = README.md; sourceTree = "<group>"; };
/* End PBXFileReference section */

/* Begin PBXFrameworksBuildPhase section */
		F415EF6924C9E14800D3347D /* Frameworks */ = {
			isa = PBXFrameworksBuildPhase;
			buildActionMask = 2147483647;
			files = (
			);
			runOnlyForDeploymentPostprocessing = 0;
		};
/* End PBXFrameworksBuildPhase section */

/* Begin PBXGroup section */
		F415EF6324C9E14800D3347D = {
			isa = PBXGroup;
			children = (
				F4298FF3255AF68C00AFB520 /* README.md */,
				F415EF6E24C9E14800D3347D /* TableViewBaitap3 */,
				F415EF6D24C9E14800D3347D /* Products */,
			);
			sourceTree = "<group>";
		};
		F415EF6D24C9E14800D3347D /* Products */ = {
			isa = PBXGroup;
			children = (
				F415EF6C24C9E14800D3347D /* TableViewBaitap3.app */,
			);
			name = Products;
			sourceTree = "<group>";
		};
		F415EF6E24C9E14800D3347D /* TableViewBaitap3 */ = {
			isa = PBXGroup;
			children = (
				F415EF6F24C9E14800D3347D /* AppDelegate.swift */,
				F415EF7124C9E14800D3347D /* SceneDelegate.swift */,
				F415EF7324C9E14800D3347D /* ViewController.swift */,
				F415EF7524C9E14800D3347D /* Main.storyboard */,
				F415EF7824C9E14A00D3347D /* Assets.xcassets */,
				F415EF7A24C9E14A00D3347D /* LaunchScreen.storyboard */,
				F415EF7D24C9E14A00D3347D /* Info.plist */,
				F415EF8324C9E2AC00D3347D /* DongTableViewCell.swift */,
				F415EF8424C9E2AC00D3347D /* DongTableViewCell.xib */,
				F415EF8724C9E2D300D3347D /* Class.swift */,
			);
			path = TableViewBaitap3;
			sourceTree = "<group>";
		};
/* End PBXGroup section */

/* Begin PBXNativeTarget section */
		F415EF6B24C9E14800D3347D /* TableViewBaitap3 */ = {
			isa = PBXNativeTarget;
			buildConfigurationList = F415EF8024C9E14A00D3347D /* Build configuration list for PBXNativeTarget "TableViewBaitap3" */;
			buildPhases = (
				F415EF6824C9E14800D3347D /* Sources */,
				F415EF6924C9E14800D3347D /* Frameworks */,
				F415EF6A24C9E14800D3347D /* Resources */,
			);
			buildRules = (
			);
			dependencies = (
			);
			name = TableViewBaitap3;
			productName = TableViewBaitap3;
			productReference = F415EF6C24C9E14800D3347D /* TableViewBaitap3.app */;
			productType = "com.apple.product-type.application";
		};
/* End PBXNativeTarget section */

/* Begin PBXProject section */
		F415EF6424C9E14800D3347D /* Project object */ = {
			isa = PBXProject;
			attributes = {
				LastSwiftUpdateCheck = 1160;
				LastUpgradeCheck = 1160;
				ORGANIZATIONNAME = "Công";
				TargetAttributes = {
					F415EF6B24C9E14800D3347D = {
						CreatedOnToolsVersion = 11.6;
					};
				};
			};
			buildConfigurationList = F415EF6724C9E14800D3347D /* Build configuration list for PBXProject "TableViewBaitap3" */;
			compatibilityVersion = "Xcode 9.3";
			developmentRegion = en;
			hasScannedForEncodings = 0;
			knownRegions = (
				en,
				Base,
			);
			mainGroup = F415EF6324C9E14800D3347D;
			productRefGroup = F415EF6D24C9E14800D3347D /* Products */;
			projectDirPath = "";
			projectRoot = "";
			targets = (
				F415EF6B24C9E14800D3347D /* TableViewBaitap3 */,
			);
		};
/* End PBXProject section */

/* Begin PBXResourcesBuildPhase section */
		F415EF6A24C9E14800D3347D /* Resources */ = {
			isa = PBXResourcesBuildPhase;
			buildActionMask = 2147483647;
			files = (
				F415EF7C24C9E14A00D3347D /* LaunchScreen.storyboard in Resources */,
				F415EF8624C9E2AC00D3347D /* DongTableViewCell.xib in Resources */,
				F415EF7924C9E14A00D3347D /* Assets.xcassets in Resources */,
				F415EF7724C9E14800D3347D /* Main.storyboard in Resources */,
			);
			runOnlyForDeploymentPostprocessing = 0;
		};
/* End PBXResourcesBuildPhase section */

/* Begin PBXSourcesBuildPhase section */
		F415EF6824C9E14800D3347D /* Sources */ = {
			isa = PBXSourcesBuildPhase;
			buildActionMask = 2147483647;
			files = (
				F415EF7424C9E14800D3347D /* ViewController.swift in Sources */,
				F415EF8524C9E2AC00D3347D /* DongTableViewCell.swift in Sources */,
				F415EF7024C9E14800D3347D /* AppDelegate.swift in Sources */,
				F415EF8824C9E2D300D3347D /* Class.swift in Sources */,
				F415EF7224C9E14800D3347D /* SceneDelegate.swift in Sources */,
			);
			runOnlyForDeploymentPostprocessing = 0;
		};
/* End PBXSourcesBuildPhase section */

/* Begin PBXVariantGroup section */
		F415EF7524C9E14800D3347D /* Main.storyboard */ = {
			isa = PBXVariantGroup;
			children = (
				F415EF7624C9E14800D3347D /* Base */,
			);
			name = Main.storyboard;
			sourceTree = "<group>";
		};
		F415EF7A24C9E14A00D3347D /* LaunchScreen.storyboard */ = {
			isa = PBXVariantGroup;
			children = (
				F415EF7B24C9E14A00D3347D /* Base */,
			);
			name = LaunchScreen.storyboard;
			sourceTree = "<group>";
		};
/* End PBXVariantGroup section */

/* Begin XCBuildConfiguration section */
		F415EF7E24C9E14A00D3347D /* Debug */ = {
			isa = XCBuildConfiguration;
			buildSettings = {
				ALWAYS_SEARCH_USER_PATHS = NO;
				CLANG_ANALYZER_NONNULL = YES;
				CLANG_ANALYZER_NUMBER_OBJECT_CONVERSION = YES_AGGRESSIVE;
				CLANG_CXX_LANGUAGE_STANDARD = "gnu++14";
				CLANG_CXX_LIBRARY = "libc++";
				CLANG_ENABLE_MODULES = YES;
				CLANG_ENABLE_OBJC_ARC = YES;
				CLANG_ENABLE_OBJC_WEAK = YES;
				CLANG_WARN_BLOCK_CAPTURE_AUTORELEASING = YES;
				CLANG_WARN_BOOL_CONVERSION = YES;
				CLANG_WARN_COMMA = YES;
				CLANG_WARN_CONSTANT_CONVERSION = YES;
				CLANG_WARN_DEPRECATED_OBJC_IMPLEMENTATIONS = YES;
				CLANG_WARN_DIRECT_OBJC_ISA_USAGE = YES_ERROR;
				CLANG_WARN_DOCUMENTATION_COMMENTS = YES;
				CLANG_WARN_EMPTY_BODY = YES;
				CLANG_WARN_ENUM_CONVERSION = YES;
				CLANG_WARN_INFINITE_RECURSION = YES;
				CLANG_WARN_INT_CONVERSION = YES;
				CLANG_WARN_NON_LITERAL_NULL_CONVERSION = YES;
				CLANG_WARN_OBJC_IMPLICIT_RETAIN_SELF = YES;
				CLANG_WARN_OBJC_LITERAL_CONVERSION = YES;
				CLANG_WARN_OBJC_ROOT_CLASS = YES_ERROR;
				CLANG_WARN_RANGE_LOOP_ANALYSIS = YES;
				CLANG_WARN_STRICT_PROTOTYPES = YES;
				CLANG_WARN_SUSPICIOUS_MOVE = YES;
				CLANG_WARN_UNGUARDED_AVAILABILITY = YES_AGGRESSIVE;
				CLANG_WARN_UNREACHABLE_CODE = YES;
				CLANG_WARN__DUPLICATE_METHOD_MATCH = YES;
				COPY_PHASE_STRIP = NO;
				DEBUG_INFORMATION_FORMAT = dwarf;
				ENABLE_STRICT_OBJC_MSGSEND = YES;
				ENABLE_TESTABILITY = YES;
				GCC_C_LANGUAGE_STANDARD = gnu11;
				GCC_DYNAMIC_NO_PIC = NO;
				GCC_NO_COMMON_BLOCKS = YES;
				GCC_OPTIMIZATION_LEVEL = 0;
				GCC_PREPROCESSOR_DEFINITIONS = (
					"DEBUG=1",
					"$(inherited)",
				);
				GCC_WARN_64_TO_32_BIT_CONVERSION = YES;
				GCC_WARN_ABOUT_RETURN_TYPE = YES_ERROR;
				GCC_WARN_UNDECLARED_SELECTOR = YES;
				GCC_WARN_UNINITIALIZED_AUTOS = YES_AGGRESSIVE;
				GCC_WARN_UNUSED_FUNCTION = YES;
				GCC_WARN_UNUSED_VARIABLE = YES;
				IPHONEOS_DEPLOYMENT_TARGET = 13.6;
				MTL_ENABLE_DEBUG_INFO = INCLUDE_SOURCE;
				MTL_FAST_MATH = YES;
				ONLY_ACTIVE_ARCH = YES;
				SDKROOT = iphoneos;
				SWIFT_ACTIVE_COMPILATION_CONDITIONS = DEBUG;
				SWIFT_OPTIMIZATION_LEVEL = "-Onone";
			};
			name = Debug;
		};
		F415EF7F24C9E14A00D3347D /* Release */ = {
			isa = XCBuildConfiguration;
			buildSettings = {
				ALWAYS_SEARCH_USER_PATHS = NO;
				CLANG_ANALYZER_NONNULL = YES;
				CLANG_ANALYZER_NUMBER_OBJECT_CONVERSION = YES_AGGRESSIVE;
				CLANG_CXX_LANGUAGE_STANDARD = "gnu++14";
				CLANG_CXX_LIBRARY = "libc++";
				CLANG_ENABLE_MODULES = YES;
				CLANG_ENABLE_OBJC_ARC = YES;
				CLANG_ENABLE_OBJC_WEAK = YES;
				CLANG_WARN_BLOCK_CAPTURE_AUTORELEASING = YES;
				CLANG_WARN_BOOL_CONVERSION = YES;
				CLANG_WARN_COMMA = YES;
				CLANG_WARN_CONSTANT_CONVERSION = YES;
				CLANG_WARN_DEPRECATED_OBJC_IMPLEMENTATIONS = YES;
				CLANG_WARN_DIRECT_OBJC_ISA_USAGE = YES_ERROR;
				CLANG_WARN_DOCUMENTATION_COMMENTS = YES;
				CLANG_WARN_EMPTY_BODY = YES;
				CLANG_WARN_ENUM_CONVERSION = YES;
				CLANG_WARN_INFINITE_RECURSION = YES;
				CLANG_WARN_INT_CONVERSION = YES;
				CLANG_WARN_NON_LITERAL_NULL_CONVERSION = YES;
				CLANG_WARN_OBJC_IMPLICIT_RETAIN_SELF = YES;
				CLANG_WARN_OBJC_LITERAL_CONVERSION = YES;
				CLANG_WARN_OBJC_ROOT_CLASS = YES_ERROR;
				CLANG_WARN_RANGE_LOOP_ANALYSIS = YES;
				CLANG_WARN_STRICT_PROTOTYPES = YES;
				CLANG_WARN_SUSPICIOUS_MOVE = YES;
				CLANG_WARN_UNGUARDED_AVAILABILITY = YES_AGGRESSIVE;
				CLANG_WARN_UNREACHABLE_CODE = YES;
				CLANG_WARN__DUPLICATE_METHOD_MATCH = YES;
				COPY_PHASE_STRIP = NO;
				DEBUG_INFORMATION_FORMAT = "dwarf-with-dsym";
				ENABLE_NS_ASSERTIONS = NO;
				ENABLE_STRICT_OBJC_MSGSEND = YES;
				GCC_C_LANGUAGE_STANDARD = gnu11;
				GCC_NO_COMMON_BLOCKS = YES;
				GCC_WARN_64_TO_32_BIT_CONVERSION = YES;
				GCC_WARN_ABOUT_RETURN_TYPE = YES_ERROR;
				GCC_WARN_UNDECLARED_SELECTOR = YES;
				GCC_WARN_UNINITIALIZED_AUTOS = YES_AGGRESSIVE;
				GCC_WARN_UNUSED_FUNCTION = YES;
				GCC_WARN_UNUSED_VARIABLE = YES;
				IPHONEOS_DEPLOYMENT_TARGET = 13.6;
				MTL_ENABLE_DEBUG_INFO = NO;
				MTL_FAST_MATH = YES;
				SDKROOT = iphoneos;
				SWIFT_COMPILATION_MODE = wholemodule;
				SWIFT_OPTIMIZATION_LEVEL = "-O";
				VALIDATE_PRODUCT = YES;
			};
			name = Release;
		};
		F415EF8124C9E14A00D3347D /* Debug */ = {
			isa = XCBuildConfiguration;
			buildSettings = {
				ASSETCATALOG_COMPILER_APPICON_NAME = AppIcon;
				CODE_SIGN_STYLE = Automatic;
				DEVELOPMENT_TEAM = S49BKW74VX;
				INFOPLIST_FILE = TableViewBaitap3/Info.plist;
				LD_RUNPATH_SEARCH_PATHS = (
					"$(inherited)",
					"@executable_path/Frameworks",
				);
				PRODUCT_BUNDLE_IDENTIFIER = cong.jsc.TableViewBaitap3;
				PRODUCT_NAME = "$(TARGET_NAME)";
				SWIFT_VERSION = 5.0;
				TARGETED_DEVICE_FAMILY = "1,2";
			};
			name = Debug;
		};
		F415EF8224C9E14A00D3347D /* Release */ = {
			isa = XCBuildConfiguration;
			buildSettings = {
				ASSETCATALOG_COMPILER_APPICON_NAME = AppIcon;
				CODE_SIGN_STYLE = Automatic;
				DEVELOPMENT_TEAM = S49BKW74VX;
				INFOPLIST_FILE = TableViewBaitap3/Info.plist;
				LD_RUNPATH_SEARCH_PATHS = (
					"$(inherited)",
					"@executable_path/Frameworks",
				);
				PRODUCT_BUNDLE_IDENTIFIER = cong.jsc.TableViewBaitap3;
				PRODUCT_NAME = "$(TARGET_NAME)";
				SWIFT_VERSION = 5.0;
				TARGETED_DEVICE_FAMILY = "1,2";
			};
			name = Release;
		};
/* End XCBuildConfiguration section */

/* Begin XCConfigurationList section */
		F415EF6724C9E14800D3347D /* Build configuration list for PBXProject "TableViewBaitap3" */ = {
			isa = XCConfigurationList;
			buildConfigurations = (
				F415EF7E24C9E14A00D3347D /* Debug */,
				F415EF7F24C9E14A00D3347D /* Release */,
			);
			defaultConfigurationIsVisible = 0;
			defaultConfigurationName = Release;
		};
		F415EF8024C9E14A00D3347D /* Build configuration list for PBXNativeTarget "TableViewBaitap3" */ = {
			isa = XCConfigurationList;
			buildConfigurations = (
				F415EF8124C9E14A00D3347D /* Debug */,
				F415EF8224C9E14A00D3347D /* Release */,
			);
			defaultConfigurationIsVisible = 0;
			defaultConfigurationName = Release;
		};
/* End XCConfigurationList section */
	};
	rootObject = F415EF6424C9E14800D3347D /* Project object */;
}
